
Microsoft Visual Studio Solution File, Format Version 12.00
# Visual Studio Version 17
VisualStudioVersion = 17.4.33213.308
MinimumVisualStudioVersion = 10.0.40219.1
Project("{9A19103F-16F7-4668-BE54-9A1E7A4F7556}") = "AuthorizeOnIndividualComponent", "AuthorizeOnIndividualComponent\AuthorizeOnIndividualComponent.csproj", "{E33F5AA9-95D9-4408-ADD7-DA7F0B1576BB}"
EndProject
Project("{9A19103F-16F7-4668-BE54-9A1E7A4F7556}") = "AuthorizeOnRoute", "AuthorizeOnRoute\AuthorizeOnRoute.csproj", "{13063EE2-CFA3-40B5-9231-25DF5D3C0488}"
EndProject
Project("{FAE04EC0-301F-11D3-BF4B-00C04F79EFBC}") = "AuthenticateCommonMistake1", "AuthenticateCommonMistake1\AuthenticateCommonMistake1.csproj", "{586899DA-5F79-4FB2-8D19-7F8ECDFE1B34}"
EndProject
Global
	GlobalSection(SolutionConfigurationPlatforms) = preSolution
		Debug|Any CPU = Debug|Any CPU
		Release|Any CPU = Release|Any CPU
	EndGlobalSection
	GlobalSection(ProjectConfigurationPlatforms) = postSolution
		{E33F5AA9-95D9-4408-ADD7-DA7F0B1576BB}.Debug|Any CPU.ActiveCfg = Debug|Any CPU
		{E33F5AA9-95D9-4408-ADD7-DA7F0B1576BB}.Debug|Any CPU.Build.0 = Debug|Any CPU
		{E33F5AA9-95D9-4408-ADD7-DA7F0B1576BB}.Release|Any CPU.ActiveCfg = Release|Any CPU
		{E33F5AA9-95D9-4408-ADD7-DA7F0B1576BB}.Release|Any CPU.Build.0 = Release|Any CPU
		{13063EE2-CFA3-40B5-9231-25DF5D3C0488}.Debug|Any CPU.ActiveCfg = Debug|Any CPU
		{13063EE2-CFA3-40B5-9231-25DF5D3C0488}.Debug|Any CPU.Build.0 = Debug|Any CPU
		{13063EE2-CFA3-40B5-9231-25DF5D3C0488}.Release|Any CPU.ActiveCfg = Release|Any CPU
		{13063EE2-CFA3-40B5-9231-25DF5D3C0488}.Release|Any CPU.Build.0 = Release|Any CPU
		{586899DA-5F79-4FB2-8D19-7F8ECDFE1B34}.Debug|Any CPU.ActiveCfg = Debug|Any CPU
		{586899DA-5F79-4FB2-8D19-7F8ECDFE1B34}.Debug|Any CPU.Build.0 = Debug|Any CPU
		{586899DA-5F79-4FB2-8D19-7F8ECDFE1B34}.Release|Any CPU.ActiveCfg = Release|Any CPU
		{586899DA-5F79-4FB2-8D19-7F8ECDFE1B34}.Release|Any CPU.Build.0 = Release|Any CPU
	EndGlobalSection
	GlobalSection(SolutionProperties) = preSolution
		HideSolutionNode = FALSE
	EndGlobalSection
	GlobalSection(ExtensibilityGlobals) = postSolution
		SolutionGuid = {E03393FE-BE8B-4088-8E97-9EC5D5FA5FB2}
	EndGlobalSection
EndGlobal
